
Microsoft Visual Studio Solution File, Format Version 12.00
# Visual Studio Version 17
VisualStudioVersion = 17.2.32616.157
MinimumVisualStudioVersion = 10.0.40219.1
Project("{FAE04EC0-301F-11D3-BF4B-00C04F79EFBC}") = "ConsoleLancering", "ConsoleLancering\ConsoleLancering.csproj", "{2165F178-84D3-4F83-8FEF-CCCD3F959BD4}"
EndProject
Project("{2150E333-8FDC-42A3-9474-1A3956D46DE8}") = "Solution Items", "Solution Items", "{3C83E9C2-B971-456C-8299-2161E25321D9}"
	ProjectSection(SolutionItems) = preProject
		.editorconfig = .editorconfig
	EndProjectSection
EndProject
Project("{FAE04EC0-301F-11D3-BF4B-00C04F79EFBC}") = "ConsoleRaden", "ConsoleRaden\ConsoleRaden.csproj", "{4E4B757E-B13B-426E-AE59-56E93AFB834E}"
EndProject
Project("{FAE04EC0-301F-11D3-BF4B-00C04F79EFBC}") = "ConsoleOnderBoven", "ConsoleOnderBoven\ConsoleOnderBoven.csproj", "{3CC09BC7-98C5-4675-A042-F4D381395E44}"
EndProject
Project("{FAE04EC0-301F-11D3-BF4B-00C04F79EFBC}") = "ConsoleSom", "ConsoleSom\ConsoleSom.csproj", "{DE25B68D-B1CC-40A3-8537-008FA4FC8FBD}"
EndProject
Project("{FAE04EC0-301F-11D3-BF4B-00C04F79EFBC}") = "ConsoleBankautomaat", "ConsoleBankautomaat\ConsoleBankautomaat.csproj", "{742926B7-90BB-4FED-A7F7-893504214A16}"
EndProject
Project("{FAE04EC0-301F-11D3-BF4B-00C04F79EFBC}") = "ConsoleKlinkers", "ConsoleKlinkers\ConsoleKlinkers.csproj", "{69AF1D16-DA3E-4BF1-A1E5-681CAC282E31}"
EndProject
Project("{FAE04EC0-301F-11D3-BF4B-00C04F79EFBC}") = "WpfPriemgetal", "WpfPriemgetal\WpfPriemgetal.csproj", "{8FBABC29-C43A-4544-B401-C45C75EA4702}"
EndProject
Project("{FAE04EC0-301F-11D3-BF4B-00C04F79EFBC}") = "WpfBoodschappenlijst", "WpfBoodschappenlijst\WpfBoodschappenlijst.csproj", "{46FAA46A-C72F-4F61-896F-FC04AE390768}"
EndProject
Project("{FAE04EC0-301F-11D3-BF4B-00C04F79EFBC}") = "WpfEllipsen", "WpfEllipsen\WpfEllipsen.csproj", "{22D79CD8-039D-4EC9-85F2-301B3128417A}"
EndProject
Global
	GlobalSection(SolutionConfigurationPlatforms) = preSolution
		Debug|Any CPU = Debug|Any CPU
		Release|Any CPU = Release|Any CPU
	EndGlobalSection
	GlobalSection(ProjectConfigurationPlatforms) = postSolution
		{2165F178-84D3-4F83-8FEF-CCCD3F959BD4}.Debug|Any CPU.ActiveCfg = Debug|Any CPU
		{2165F178-84D3-4F83-8FEF-CCCD3F959BD4}.Debug|Any CPU.Build.0 = Debug|Any CPU
		{2165F178-84D3-4F83-8FEF-CCCD3F959BD4}.Release|Any CPU.ActiveCfg = Release|Any CPU
		{2165F178-84D3-4F83-8FEF-CCCD3F959BD4}.Release|Any CPU.Build.0 = Release|Any CPU
		{4E4B757E-B13B-426E-AE59-56E93AFB834E}.Debug|Any CPU.ActiveCfg = Debug|Any CPU
		{4E4B757E-B13B-426E-AE59-56E93AFB834E}.Debug|Any CPU.Build.0 = Debug|Any CPU
		{4E4B757E-B13B-426E-AE59-56E93AFB834E}.Release|Any CPU.ActiveCfg = Release|Any CPU
		{4E4B757E-B13B-426E-AE59-56E93AFB834E}.Release|Any CPU.Build.0 = Release|Any CPU
		{3CC09BC7-98C5-4675-A042-F4D381395E44}.Debug|Any CPU.ActiveCfg = Debug|Any CPU
		{3CC09BC7-98C5-4675-A042-F4D381395E44}.Debug|Any CPU.Build.0 = Debug|Any CPU
		{3CC09BC7-98C5-4675-A042-F4D381395E44}.Release|Any CPU.ActiveCfg = Release|Any CPU
		{3CC09BC7-98C5-4675-A042-F4D381395E44}.Release|Any CPU.Build.0 = Release|Any CPU
		{DE25B68D-B1CC-40A3-8537-008FA4FC8FBD}.Debug|Any CPU.ActiveCfg = Debug|Any CPU
		{DE25B68D-B1CC-40A3-8537-008FA4FC8FBD}.Debug|Any CPU.Build.0 = Debug|Any CPU
		{DE25B68D-B1CC-40A3-8537-008FA4FC8FBD}.Release|Any CPU.ActiveCfg = Release|Any CPU
		{DE25B68D-B1CC-40A3-8537-008FA4FC8FBD}.Release|Any CPU.Build.0 = Release|Any CPU
		{742926B7-90BB-4FED-A7F7-893504214A16}.Debug|Any CPU.ActiveCfg = Debug|Any CPU
		{742926B7-90BB-4FED-A7F7-893504214A16}.Debug|Any CPU.Build.0 = Debug|Any CPU
		{742926B7-90BB-4FED-A7F7-893504214A16}.Release|Any CPU.ActiveCfg = Release|Any CPU
		{742926B7-90BB-4FED-A7F7-893504214A16}.Release|Any CPU.Build.0 = Release|Any CPU
		{69AF1D16-DA3E-4BF1-A1E5-681CAC282E31}.Debug|Any CPU.ActiveCfg = Debug|Any CPU
		{69AF1D16-DA3E-4BF1-A1E5-681CAC282E31}.Debug|Any CPU.Build.0 = Debug|Any CPU
		{69AF1D16-DA3E-4BF1-A1E5-681CAC282E31}.Release|Any CPU.ActiveCfg = Release|Any CPU
		{69AF1D16-DA3E-4BF1-A1E5-681CAC282E31}.Release|Any CPU.Build.0 = Release|Any CPU
		{8FBABC29-C43A-4544-B401-C45C75EA4702}.Debug|Any CPU.ActiveCfg = Debug|Any CPU
		{8FBABC29-C43A-4544-B401-C45C75EA4702}.Debug|Any CPU.Build.0 = Debug|Any CPU
		{8FBABC29-C43A-4544-B401-C45C75EA4702}.Release|Any CPU.ActiveCfg = Release|Any CPU
		{8FBABC29-C43A-4544-B401-C45C75EA4702}.Release|Any CPU.Build.0 = Release|Any CPU
		{46FAA46A-C72F-4F61-896F-FC04AE390768}.Debug|Any CPU.ActiveCfg = Debug|Any CPU
		{46FAA46A-C72F-4F61-896F-FC04AE390768}.Debug|Any CPU.Build.0 = Debug|Any CPU
		{46FAA46A-C72F-4F61-896F-FC04AE390768}.Release|Any CPU.ActiveCfg = Release|Any CPU
		{46FAA46A-C72F-4F61-896F-FC04AE390768}.Release|Any CPU.Build.0 = Release|Any CPU
		{22D79CD8-039D-4EC9-85F2-301B3128417A}.Debug|Any CPU.ActiveCfg = Debug|Any CPU
		{22D79CD8-039D-4EC9-85F2-301B3128417A}.Debug|Any CPU.Build.0 = Debug|Any CPU
		{22D79CD8-039D-4EC9-85F2-301B3128417A}.Release|Any CPU.ActiveCfg = Release|Any CPU
		{22D79CD8-039D-4EC9-85F2-301B3128417A}.Release|Any CPU.Build.0 = Release|Any CPU
	EndGlobalSection
	GlobalSection(SolutionProperties) = preSolution
		HideSolutionNode = FALSE
	EndGlobalSection
	GlobalSection(ExtensibilityGlobals) = postSolution
		SolutionGuid = {1AC41987-C1D5-4481-8145-3A8895B55A97}
	EndGlobalSection
EndGlobal
