
Microsoft Visual Studio Solution File, Format Version 12.00
# Visual Studio Version 17
VisualStudioVersion = 17.2.32616.157
MinimumVisualStudioVersion = 10.0.40219.1
Project("{FAE04EC0-301F-11D3-BF4B-00C04F79EFBC}") = "ConsolePaswoorden", "ConsolePaswoorden\ConsolePaswoorden.csproj", "{02DC1138-B7F1-4536-916A-5CFD143733FB}"
EndProject
Project("{FAE04EC0-301F-11D3-BF4B-00C04F79EFBC}") = "ConsoleFibonnaci", "ConsoleFibonnaci\ConsoleFibonnaci.csproj", "{0728E157-FD21-42FA-A6C2-57957A1B6E30}"
EndProject
Project("{FAE04EC0-301F-11D3-BF4B-00C04F79EFBC}") = "ConsoleScores", "ConsoleScores\ConsoleScores.csproj", "{93C1013E-D4F5-4260-B5B0-083C7CE1CAD2}"
EndProject
Project("{FAE04EC0-301F-11D3-BF4B-00C04F79EFBC}") = "ConsoleLotto", "ConsoleLotto\ConsoleLotto.csproj", "{7E0DB11C-839F-41BD-B8C4-933B4221D726}"
EndProject
Project("{FAE04EC0-301F-11D3-BF4B-00C04F79EFBC}") = "WpfTodo", "WpfTodo\WpfTodo.csproj", "{B4E87132-C29B-4BA3-B1FF-3C3BA54F207A}"
EndProject
Global
	GlobalSection(SolutionConfigurationPlatforms) = preSolution
		Debug|Any CPU = Debug|Any CPU
		Release|Any CPU = Release|Any CPU
	EndGlobalSection
	GlobalSection(ProjectConfigurationPlatforms) = postSolution
		{02DC1138-B7F1-4536-916A-5CFD143733FB}.Debug|Any CPU.ActiveCfg = Debug|Any CPU
		{02DC1138-B7F1-4536-916A-5CFD143733FB}.Debug|Any CPU.Build.0 = Debug|Any CPU
		{02DC1138-B7F1-4536-916A-5CFD143733FB}.Release|Any CPU.ActiveCfg = Release|Any CPU
		{02DC1138-B7F1-4536-916A-5CFD143733FB}.Release|Any CPU.Build.0 = Release|Any CPU
		{0728E157-FD21-42FA-A6C2-57957A1B6E30}.Debug|Any CPU.ActiveCfg = Debug|Any CPU
		{0728E157-FD21-42FA-A6C2-57957A1B6E30}.Debug|Any CPU.Build.0 = Debug|Any CPU
		{0728E157-FD21-42FA-A6C2-57957A1B6E30}.Release|Any CPU.ActiveCfg = Release|Any CPU
		{0728E157-FD21-42FA-A6C2-57957A1B6E30}.Release|Any CPU.Build.0 = Release|Any CPU
		{93C1013E-D4F5-4260-B5B0-083C7CE1CAD2}.Debug|Any CPU.ActiveCfg = Debug|Any CPU
		{93C1013E-D4F5-4260-B5B0-083C7CE1CAD2}.Debug|Any CPU.Build.0 = Debug|Any CPU
		{93C1013E-D4F5-4260-B5B0-083C7CE1CAD2}.Release|Any CPU.ActiveCfg = Release|Any CPU
		{93C1013E-D4F5-4260-B5B0-083C7CE1CAD2}.Release|Any CPU.Build.0 = Release|Any CPU
		{7E0DB11C-839F-41BD-B8C4-933B4221D726}.Debug|Any CPU.ActiveCfg = Debug|Any CPU
		{7E0DB11C-839F-41BD-B8C4-933B4221D726}.Debug|Any CPU.Build.0 = Debug|Any CPU
		{7E0DB11C-839F-41BD-B8C4-933B4221D726}.Release|Any CPU.ActiveCfg = Release|Any CPU
		{7E0DB11C-839F-41BD-B8C4-933B4221D726}.Release|Any CPU.Build.0 = Release|Any CPU
		{B4E87132-C29B-4BA3-B1FF-3C3BA54F207A}.Debug|Any CPU.ActiveCfg = Debug|Any CPU
		{B4E87132-C29B-4BA3-B1FF-3C3BA54F207A}.Debug|Any CPU.Build.0 = Debug|Any CPU
		{B4E87132-C29B-4BA3-B1FF-3C3BA54F207A}.Release|Any CPU.ActiveCfg = Release|Any CPU
		{B4E87132-C29B-4BA3-B1FF-3C3BA54F207A}.Release|Any CPU.Build.0 = Release|Any CPU
	EndGlobalSection
	GlobalSection(SolutionProperties) = preSolution
		HideSolutionNode = FALSE
	EndGlobalSection
	GlobalSection(ExtensibilityGlobals) = postSolution
		SolutionGuid = {C07E0784-42AE-49B3-AC5A-AE26E064EA22}
	EndGlobalSection
EndGlobal
