
Microsoft Visual Studio Solution File, Format Version 12.00
# Visual Studio Version 17
VisualStudioVersion = 17.2.32616.157
MinimumVisualStudioVersion = 10.0.40219.1
Project("{2150E333-8FDC-42A3-9474-1A3956D46DE8}") = "Solution Items", "Solution Items", "{DBF157EA-894E-4AB8-AE4A-A79F7EA593DD}"
	ProjectSection(SolutionItems) = preProject
		.editorconfig = .editorconfig
		.editorconfig.inferred = .editorconfig.inferred
	EndProjectSection
EndProject
Project("{FAE04EC0-301F-11D3-BF4B-00C04F79EFBC}") = "ConsoleAsciiArt", "ConsoleAsciiArt\ConsoleAsciiArt.csproj", "{90EDF662-1924-49A0-8CFD-CB2361D1D4E7}"
EndProject
Project("{FAE04EC0-301F-11D3-BF4B-00C04F79EFBC}") = "ConsoleGedicht", "ConsoleGedicht\ConsoleGedicht.csproj", "{DA4F4D20-CB8C-4407-9EAD-C6CB32B7899B}"
EndProject
Project("{FAE04EC0-301F-11D3-BF4B-00C04F79EFBC}") = "ConsoleGreenHouse", "ConsoleGreenHouse\ConsoleGreenHouse.csproj", "{D3E286DF-98EA-4E43-B439-BAE953216A13}"
EndProject
Project("{FAE04EC0-301F-11D3-BF4B-00C04F79EFBC}") = "ConsoleHalloWereld", "ConsoleHalloWereld\ConsoleHalloWereld.csproj", "{89D01F72-2D28-4D5F-80D0-835EB7FB83B8}"
EndProject
Project("{FAE04EC0-301F-11D3-BF4B-00C04F79EFBC}") = "WpfChat", "WpfChat\WpfChat.csproj", "{6F3E8DB8-2033-4DA9-9DF1-BF60B148E8B7}"
EndProject
Project("{FAE04EC0-301F-11D3-BF4B-00C04F79EFBC}") = "WpfHalloWereld", "WpfHalloWereld\WpfHalloWereld.csproj", "{1BFC258D-A431-4036-A6D9-106E071BC082}"
EndProject
Project("{FAE04EC0-301F-11D3-BF4B-00C04F79EFBC}") = "WpfPizza", "WpfPizza\WpfPizza.csproj", "{FBF7B00C-E581-40D9-8580-6E33B319F2B8}"
EndProject
Project("{FAE04EC0-301F-11D3-BF4B-00C04F79EFBC}") = "WpfVolumeSlider", "WpfVolumeSlider\WpfVolumeSlider.csproj", "{FFE5D9CB-3038-45AA-A5A5-3C2096EC3E69}"
EndProject
Global
	GlobalSection(SolutionConfigurationPlatforms) = preSolution
		Debug|Any CPU = Debug|Any CPU
		Release|Any CPU = Release|Any CPU
	EndGlobalSection
	GlobalSection(ProjectConfigurationPlatforms) = postSolution
		{90EDF662-1924-49A0-8CFD-CB2361D1D4E7}.Debug|Any CPU.ActiveCfg = Debug|Any CPU
		{90EDF662-1924-49A0-8CFD-CB2361D1D4E7}.Debug|Any CPU.Build.0 = Debug|Any CPU
		{90EDF662-1924-49A0-8CFD-CB2361D1D4E7}.Release|Any CPU.ActiveCfg = Release|Any CPU
		{90EDF662-1924-49A0-8CFD-CB2361D1D4E7}.Release|Any CPU.Build.0 = Release|Any CPU
		{DA4F4D20-CB8C-4407-9EAD-C6CB32B7899B}.Debug|Any CPU.ActiveCfg = Debug|Any CPU
		{DA4F4D20-CB8C-4407-9EAD-C6CB32B7899B}.Debug|Any CPU.Build.0 = Debug|Any CPU
		{DA4F4D20-CB8C-4407-9EAD-C6CB32B7899B}.Release|Any CPU.ActiveCfg = Release|Any CPU
		{DA4F4D20-CB8C-4407-9EAD-C6CB32B7899B}.Release|Any CPU.Build.0 = Release|Any CPU
		{D3E286DF-98EA-4E43-B439-BAE953216A13}.Debug|Any CPU.ActiveCfg = Debug|Any CPU
		{D3E286DF-98EA-4E43-B439-BAE953216A13}.Debug|Any CPU.Build.0 = Debug|Any CPU
		{D3E286DF-98EA-4E43-B439-BAE953216A13}.Release|Any CPU.ActiveCfg = Release|Any CPU
		{D3E286DF-98EA-4E43-B439-BAE953216A13}.Release|Any CPU.Build.0 = Release|Any CPU
		{89D01F72-2D28-4D5F-80D0-835EB7FB83B8}.Debug|Any CPU.ActiveCfg = Debug|Any CPU
		{89D01F72-2D28-4D5F-80D0-835EB7FB83B8}.Debug|Any CPU.Build.0 = Debug|Any CPU
		{89D01F72-2D28-4D5F-80D0-835EB7FB83B8}.Release|Any CPU.ActiveCfg = Release|Any CPU
		{89D01F72-2D28-4D5F-80D0-835EB7FB83B8}.Release|Any CPU.Build.0 = Release|Any CPU
		{6F3E8DB8-2033-4DA9-9DF1-BF60B148E8B7}.Debug|Any CPU.ActiveCfg = Debug|Any CPU
		{6F3E8DB8-2033-4DA9-9DF1-BF60B148E8B7}.Debug|Any CPU.Build.0 = Debug|Any CPU
		{6F3E8DB8-2033-4DA9-9DF1-BF60B148E8B7}.Release|Any CPU.ActiveCfg = Release|Any CPU
		{6F3E8DB8-2033-4DA9-9DF1-BF60B148E8B7}.Release|Any CPU.Build.0 = Release|Any CPU
		{1BFC258D-A431-4036-A6D9-106E071BC082}.Debug|Any CPU.ActiveCfg = Debug|Any CPU
		{1BFC258D-A431-4036-A6D9-106E071BC082}.Debug|Any CPU.Build.0 = Debug|Any CPU
		{1BFC258D-A431-4036-A6D9-106E071BC082}.Release|Any CPU.ActiveCfg = Release|Any CPU
		{1BFC258D-A431-4036-A6D9-106E071BC082}.Release|Any CPU.Build.0 = Release|Any CPU
		{FBF7B00C-E581-40D9-8580-6E33B319F2B8}.Debug|Any CPU.ActiveCfg = Debug|Any CPU
		{FBF7B00C-E581-40D9-8580-6E33B319F2B8}.Debug|Any CPU.Build.0 = Debug|Any CPU
		{FBF7B00C-E581-40D9-8580-6E33B319F2B8}.Release|Any CPU.ActiveCfg = Release|Any CPU
		{FBF7B00C-E581-40D9-8580-6E33B319F2B8}.Release|Any CPU.Build.0 = Release|Any CPU
		{FFE5D9CB-3038-45AA-A5A5-3C2096EC3E69}.Debug|Any CPU.ActiveCfg = Debug|Any CPU
		{FFE5D9CB-3038-45AA-A5A5-3C2096EC3E69}.Debug|Any CPU.Build.0 = Debug|Any CPU
		{FFE5D9CB-3038-45AA-A5A5-3C2096EC3E69}.Release|Any CPU.ActiveCfg = Release|Any CPU
		{FFE5D9CB-3038-45AA-A5A5-3C2096EC3E69}.Release|Any CPU.Build.0 = Release|Any CPU
	EndGlobalSection
	GlobalSection(SolutionProperties) = preSolution
		HideSolutionNode = FALSE
	EndGlobalSection
	GlobalSection(ExtensibilityGlobals) = postSolution
		SolutionGuid = {DE454021-DA36-4E27-9771-F635CEE713FA}
	EndGlobalSection
EndGlobal
