
Microsoft Visual Studio Solution File, Format Version 12.00
# Visual Studio Version 17
VisualStudioVersion = 17.0.31912.275
MinimumVisualStudioVersion = 10.0.40219.1
Project("{FAE04EC0-301F-11D3-BF4B-00C04F79EFBC}") = "ConsoleGreenHouse", "ConsoleGreenHouse\ConsoleGreenHouse.csproj", "{D3E286DF-98EA-4E43-B439-BAE953216A13}"
EndProject
Global
	GlobalSection(SolutionConfigurationPlatforms) = preSolution
		Debug|Any CPU = Debug|Any CPU
		Release|Any CPU = Release|Any CPU
	EndGlobalSection
	GlobalSection(ProjectConfigurationPlatforms) = postSolution
		{D3E286DF-98EA-4E43-B439-BAE953216A13}.Debug|Any CPU.ActiveCfg = Debug|Any CPU
		{D3E286DF-98EA-4E43-B439-BAE953216A13}.Debug|Any CPU.Build.0 = Debug|Any CPU
		{D3E286DF-98EA-4E43-B439-BAE953216A13}.Release|Any CPU.ActiveCfg = Release|Any CPU
		{D3E286DF-98EA-4E43-B439-BAE953216A13}.Release|Any CPU.Build.0 = Release|Any CPU
	EndGlobalSection
	GlobalSection(SolutionProperties) = preSolution
		HideSolutionNode = FALSE
	EndGlobalSection
	GlobalSection(ExtensibilityGlobals) = postSolution
		SolutionGuid = {86A9CAEA-36A7-45A6-A563-FF3E6D2D78D4}
	EndGlobalSection
EndGlobal
